
Microsoft Visual Studio Solution File, Format Version 12.00
# Visual Studio Version 17
VisualStudioVersion = 17.10.35013.160
MinimumVisualStudioVersion = 10.0.40219.1
Project("{FAE04EC0-301F-11D3-BF4B-00C04F79EFBC}") = "SpendCalculator", "SpendCalculator\SpendCalculator.csproj", "{C355925F-346E-409E-BDB0-D51E84B066C6}"
EndProject
Global
	GlobalSection(SolutionConfigurationPlatforms) = preSolution
		Debug|Any CPU = Debug|Any CPU
		Release|Any CPU = Release|Any CPU
	EndGlobalSection
	GlobalSection(ProjectConfigurationPlatforms) = postSolution
		{C355925F-346E-409E-BDB0-D51E84B066C6}.Debug|Any CPU.ActiveCfg = Debug|Any CPU
		{C355925F-346E-409E-BDB0-D51E84B066C6}.Debug|Any CPU.Build.0 = Debug|Any CPU
		{C355925F-346E-409E-BDB0-D51E84B066C6}.Release|Any CPU.ActiveCfg = Release|Any CPU
		{C355925F-346E-409E-BDB0-D51E84B066C6}.Release|Any CPU.Build.0 = Release|Any CPU
	EndGlobalSection
	GlobalSection(SolutionProperties) = preSolution
		HideSolutionNode = FALSE
	EndGlobalSection
	GlobalSection(ExtensibilityGlobals) = postSolution
		SolutionGuid = {F014F52B-0877-4347-BCEC-3D0E5258B0B8}
	EndGlobalSection
EndGlobal
